github.com/go-chi/chi v3.3.3+incompatible h1:KHkmBEMNkwKuK4FdQL7N2wOeB9jnIx7jR5wsuSBEFI8=
github.com/go-chi/chi v3.3.3+incompatible/go.mod h1:eB3wogJHnLi3x/kFX2A+IbTBlXxmMeXJVKy9tTv1XzQ=
github.com/piprate/json-gold v0.1.0 h1:n/qHk4il+/cg8CkQCHHN15OblVUwuaVeGKc0znePxHk=
github.com/piprate/json-gold v0.1.0/go.mod h1:I4H0YIPEHBq7+L5pyfBR551C0ZHyvrC1FfOfHZ77nbE=
